{
  "originHash" : "5f4cef836d1c616f15d1e7a1cab37851d91375297e66bf951174ef65e4ee4a1b",
  "pins" : [
    {
      "identity" : "otherapps",
      "kind" : "remoteSourceControl",
      "location" : "https://github.com/asilarslan/OtherApps",
      "state" : {
        "branch" : "main",
        "revision" : "dc8d7c263e1167eadf12404271075cde2409bae9"
      }
    }
  ],
  "version" : 3
}
