{
  "originHash" : "5f4cef836d1c616f15d1e7a1cab37851d91375297e66bf951174ef65e4ee4a1b",
  "pins" : [
    {
      "identity" : "otherapps",
      "kind" : "remoteSourceControl",
      "location" : "https://github.com/asilarslan/OtherApps",
      "state" : {
        "branch" : "main",
        "revision" : "5c487c24ff28e84dc87305bf7be1e484ca9eaae7"
      }
    }
  ],
  "version" : 3
}
