{
  "originHash" : "5f4cef836d1c616f15d1e7a1cab37851d91375297e66bf951174ef65e4ee4a1b",
  "pins" : [
    {
      "identity" : "otherapps",
      "kind" : "remoteSourceControl",
      "location" : "https://github.com/asilarslan/OtherApps",
      "state" : {
        "branch" : "main",
        "revision" : "6287b1a65899c46aa99d509a53a504d7af9e1651"
      }
    }
  ],
  "version" : 3
}
